// !$*UTF8*$!
{
	archiveVersion = 1;
	classes = {
	};
	objectVersion = 77;
	objects = {

/* Begin PBXBuildFile section */
		6A33BEB12E40BB8F002C718C /* Nice-Places-Info.plist in Resources */ = {isa = PBXBuildFile; fileRef = 6A33BEB02E40BB8F002C718C /* Nice-Places-Info.plist */; };
		6A33BEB32E424BAA002C718C /* Nice Places App - Architecture Summary.pdf in Resources */ = {isa = PBXBuildFile; fileRef = 6A33BEB22E424BAA002C718C /* Nice Places App - Architecture Summary.pdf */; };
		6A33BEB52E424C28002C718C /* Claudeinstructions.txt in Resources */ = {isa = PBXBuildFile; fileRef = 6A33BEB42E424C15002C718C /* Claudeinstructions.txt */; };
		6AFD844F2E3A7FE800B175CE /* CoreLocation.framework in Frameworks */ = {isa = PBXBuildFile; fileRef = 6AFD844E2E3A7FE800B175CE /* CoreLocation.framework */; };
		6AFD84512E3A7FEF00B175CE /* MapKit.framework in Frameworks */ = {isa = PBXBuildFile; fileRef = 6AFD84502E3A7FEF00B175CE /* MapKit.framework */; };
		6AFD84612E3B7A2300B175CE /* .gitignore in Resources */ = {isa = PBXBuildFile; fileRef = 6AFD84602E3B7A1300B175CE /* .gitignore */; };
/* End PBXBuildFile section */

/* Begin PBXContainerItemProxy section */
		6A6DE3D92E3A524F00474379 /* PBXContainerItemProxy */ = {
			isa = PBXContainerItemProxy;
			containerPortal = 6A6DE3C12E3A524E00474379 /* Project object */;
			proxyType = 1;
			remoteGlobalIDString = 6A6DE3C82E3A524E00474379;
			remoteInfo = "Nice Places";
		};
		6A6DE3E32E3A524F00474379 /* PBXContainerItemProxy */ = {
			isa = PBXContainerItemProxy;
			containerPortal = 6A6DE3C12E3A524E00474379 /* Project object */;
			proxyType = 1;
			remoteGlobalIDString = 6A6DE3C82E3A524E00474379;
			remoteInfo = "Nice Places";
		};
/* End PBXContainerItemProxy section */

/* Begin PBXFileReference section */
		6A33BEB02E40BB8F002C718C /* Nice-Places-Info.plist */ = {isa = PBXFileReference; lastKnownFileType = text.plist.xml; path = "Nice-Places-Info.plist"; sourceTree = "<group>"; };
		6A33BEB22E424BAA002C718C /* Nice Places App - Architecture Summary.pdf */ = {isa = PBXFileReference; lastKnownFileType = image.pdf; path = "Nice Places App - Architecture Summary.pdf"; sourceTree = "<group>"; };
		6A33BEB42E424C15002C718C /* Claudeinstructions.txt */ = {isa = PBXFileReference; lastKnownFileType = text; path = Claudeinstructions.txt; sourceTree = "<group>"; };
		6A6DE3C92E3A524E00474379 /* Nice Places.app */ = {isa = PBXFileReference; explicitFileType = wrapper.application; includeInIndex = 0; path = "Nice Places.app"; sourceTree = BUILT_PRODUCTS_DIR; };
		6A6DE3D82E3A524F00474379 /* Nice PlacesTests.xctest */ = {isa = PBXFileReference; explicitFileType = wrapper.cfbundle; includeInIndex = 0; path = "Nice PlacesTests.xctest"; sourceTree = BUILT_PRODUCTS_DIR; };
		6A6DE3E22E3A524F00474379 /* Nice PlacesUITests.xctest */ = {isa = PBXFileReference; explicitFileType = wrapper.cfbundle; includeInIndex = 0; path = "Nice PlacesUITests.xctest"; sourceTree = BUILT_PRODUCTS_DIR; };
		6AFD844E2E3A7FE800B175CE /* CoreLocation.framework */ = {isa = PBXFileReference; lastKnownFileType = wrapper.framework; name = CoreLocation.framework; path = System/Library/Frameworks/CoreLocation.framework; sourceTree = SDKROOT; };
		6AFD84502E3A7FEF00B175CE /* MapKit.framework */ = {isa = PBXFileReference; lastKnownFileType = wrapper.framework; name = MapKit.framework; path = System/Library/Frameworks/MapKit.framework; sourceTree = SDKROOT; };
		6AFD84602E3B7A1300B175CE /* .gitignore */ = {isa = PBXFileReference; lastKnownFileType = text; path = .gitignore; sourceTree = "<group>"; };
/* End PBXFileReference section */

/* Begin PBXFileSystemSynchronizedRootGroup section */
		6A6DE3CB2E3A524E00474379 /* Nice Places */ = {
			isa = PBXFileSystemSynchronizedRootGroup;
			path = "Nice Places";
			sourceTree = "<group>";
		};
		6A6DE3DB2E3A524F00474379 /* Nice PlacesTests */ = {
			isa = PBXFileSystemSynchronizedRootGroup;
			path = "Nice PlacesTests";
			sourceTree = "<group>";
		};
		6A6DE3E52E3A524F00474379 /* Nice PlacesUITests */ = {
			isa = PBXFileSystemSynchronizedRootGroup;
			path = "Nice PlacesUITests";
			sourceTree = "<group>";
		};
		6A8FFC1B2E3CFD8800384405 /* docs */ = {
			isa = PBXFileSystemSynchronizedRootGroup;
			path = docs;
			sourceTree = "<group>";
		};
/* End PBXFileSystemSynchronizedRootGroup section */

/* Begin PBXFrameworksBuildPhase section */
		6A6DE3C62E3A524E00474379 /* Frameworks */ = {
			isa = PBXFrameworksBuildPhase;
			buildActionMask = 2147483647;
			files = (
				6AFD84512E3A7FEF00B175CE /* MapKit.framework in Frameworks */,
				6AFD844F2E3A7FE800B175CE /* CoreLocation.framework in Frameworks */,
			);
			runOnlyForDeploymentPostprocessing = 0;
		};
		6A6DE3D52E3A524F00474379 /* Frameworks */ = {
			isa = PBXFrameworksBuildPhase;
			buildActionMask = 2147483647;
			files = (
			);
			runOnlyForDeploymentPostprocessing = 0;
		};
		6A6DE3DF2E3A524F00474379 /* Frameworks */ = {
			isa = PBXFrameworksBuildPhase;
			buildActionMask = 2147483647;
			files = (
			);
			runOnlyForDeploymentPostprocessing = 0;
		};
/* End PBXFrameworksBuildPhase section */

/* Begin PBXGroup section */
		6A6DE3C02E3A524E00474379 = {
			isa = PBXGroup;
			children = (
				6A33BEB42E424C15002C718C /* Claudeinstructions.txt */,
				6A33BEB02E40BB8F002C718C /* Nice-Places-Info.plist */,
				6A33BEB22E424BAA002C718C /* Nice Places App - Architecture Summary.pdf */,
				6A8FFC1B2E3CFD8800384405 /* docs */,
				6AFD84602E3B7A1300B175CE /* .gitignore */,
				6A6DE3CB2E3A524E00474379 /* Nice Places */,
				6A6DE3DB2E3A524F00474379 /* Nice PlacesTests */,
				6A6DE3E52E3A524F00474379 /* Nice PlacesUITests */,
				6AFD844D2E3A7FE800B175CE /* Frameworks */,
				6A6DE3CA2E3A524E00474379 /* Products */,
			);
			sourceTree = "<group>";
		};
		6A6DE3CA2E3A524E00474379 /* Products */ = {
			isa = PBXGroup;
			children = (
				6A6DE3C92E3A524E00474379 /* Nice Places.app */,
				6A6DE3D82E3A524F00474379 /* Nice PlacesTests.xctest */,
				6A6DE3E22E3A524F00474379 /* Nice PlacesUITests.xctest */,
			);
			name = Products;
			sourceTree = "<group>";
		};
		6AFD844D2E3A7FE800B175CE /* Frameworks */ = {
			isa = PBXGroup;
			children = (
				6AFD84502E3A7FEF00B175CE /* MapKit.framework */,
				6AFD844E2E3A7FE800B175CE /* CoreLocation.framework */,
			);
			name = Frameworks;
			sourceTree = "<group>";
		};
/* End PBXGroup section */

/* Begin PBXNativeTarget section */
		6A6DE3C82E3A524E00474379 /* Nice Places */ = {
			isa = PBXNativeTarget;
			buildConfigurationList = 6A6DE3EC2E3A524F00474379 /* Build configuration list for PBXNativeTarget "Nice Places" */;
			buildPhases = (
				6A6DE3C52E3A524E00474379 /* Sources */,
				6A6DE3C62E3A524E00474379 /* Frameworks */,
				6A6DE3C72E3A524E00474379 /* Resources */,
			);
			buildRules = (
			);
			dependencies = (
			);
			fileSystemSynchronizedGroups = (
				6A6DE3CB2E3A524E00474379 /* Nice Places */,
				6A8FFC1B2E3CFD8800384405 /* docs */,
			);
			name = "Nice Places";
			packageProductDependencies = (
			);
			productName = "Nice Places";
			productReference = 6A6DE3C92E3A524E00474379 /* Nice Places.app */;
			productType = "com.apple.product-type.application";
		};
		6A6DE3D72E3A524F00474379 /* Nice PlacesTests */ = {
			isa = PBXNativeTarget;
			buildConfigurationList = 6A6DE3EF2E3A524F00474379 /* Build configuration list for PBXNativeTarget "Nice PlacesTests" */;
			buildPhases = (
				6A6DE3D42E3A524F00474379 /* Sources */,
				6A6DE3D52E3A524F00474379 /* Frameworks */,
				6A6DE3D62E3A524F00474379 /* Resources */,
			);
			buildRules = (
			);
			dependencies = (
				6A6DE3DA2E3A524F00474379 /* PBXTargetDependency */,
			);
			fileSystemSynchronizedGroups = (
				6A6DE3DB2E3A524F00474379 /* Nice PlacesTests */,
			);
			name = "Nice PlacesTests";
			packageProductDependencies = (
			);
			productName = "Nice PlacesTests";
			productReference = 6A6DE3D82E3A524F00474379 /* Nice PlacesTests.xctest */;
			productType = "com.apple.product-type.bundle.unit-test";
		};
		6A6DE3E12E3A524F00474379 /* Nice PlacesUITests */ = {
			isa = PBXNativeTarget;
			buildConfigurationList = 6A6DE3F22E3A524F00474379 /* Build configuration list for PBXNativeTarget "Nice PlacesUITests" */;
			buildPhases = (
				6A6DE3DE2E3A524F00474379 /* Sources */,
				6A6DE3DF2E3A524F00474379 /* Frameworks */,
				6A6DE3E02E3A524F00474379 /* Resources */,
			);
			buildRules = (
			);
			dependencies = (
				6A6DE3E42E3A524F00474379 /* PBXTargetDependency */,
			);
			fileSystemSynchronizedGroups = (
				6A6DE3E52E3A524F00474379 /* Nice PlacesUITests */,
			);
			name = "Nice PlacesUITests";
			packageProductDependencies = (
			);
			productName = "Nice PlacesUITests";
			productReference = 6A6DE3E22E3A524F00474379 /* Nice PlacesUITests.xctest */;
			productType = "com.apple.product-type.bundle.ui-testing";
		};
/* End PBXNativeTarget section */

/* Begin PBXProject section */
		6A6DE3C12E3A524E00474379 /* Project object */ = {
			isa = PBXProject;
			attributes = {
				BuildIndependentTargetsInParallel = 1;
				LastSwiftUpdateCheck = 1640;
				LastUpgradeCheck = 1640;
				TargetAttributes = {
					6A6DE3C82E3A524E00474379 = {
						CreatedOnToolsVersion = 16.4;
					};
					6A6DE3D72E3A524F00474379 = {
						CreatedOnToolsVersion = 16.4;
						TestTargetID = 6A6DE3C82E3A524E00474379;
					};
					6A6DE3E12E3A524F00474379 = {
						CreatedOnToolsVersion = 16.4;
						TestTargetID = 6A6DE3C82E3A524E00474379;
					};
				};
			};
			buildConfigurationList = 6A6DE3C42E3A524E00474379 /* Build configuration list for PBXProject "Nice Places" */;
			developmentRegion = en;
			hasScannedForEncodings = 0;
			knownRegions = (
				en,
				Base,
			);
			mainGroup = 6A6DE3C02E3A524E00474379;
			minimizedProjectReferenceProxies = 1;
			preferredProjectObjectVersion = 77;
			productRefGroup = 6A6DE3CA2E3A524E00474379 /* Products */;
			projectDirPath = "";
			projectRoot = "";
			targets = (
				6A6DE3C82E3A524E00474379 /* Nice Places */,
				6A6DE3D72E3A524F00474379 /* Nice PlacesTests */,
				6A6DE3E12E3A524F00474379 /* Nice PlacesUITests */,
			);
		};
/* End PBXProject section */

/* Begin PBXResourcesBuildPhase section */
		6A6DE3C72E3A524E00474379 /* Resources */ = {
			isa = PBXResourcesBuildPhase;
			buildActionMask = 2147483647;
			files = (
				6AFD84612E3B7A2300B175CE /* .gitignore in Resources */,
				6A33BEB52E424C28002C718C /* Claudeinstructions.txt in Resources */,
				6A33BEB12E40BB8F002C718C /* Nice-Places-Info.plist in Resources */,
				6A33BEB32E424BAA002C718C /* Nice Places App - Architecture Summary.pdf in Resources */,
			);
			runOnlyForDeploymentPostprocessing = 0;
		};
		6A6DE3D62E3A524F00474379 /* Resources */ = {
			isa = PBXResourcesBuildPhase;
			buildActionMask = 2147483647;
			files = (
			);
			runOnlyForDeploymentPostprocessing = 0;
		};
		6A6DE3E02E3A524F00474379 /* Resources */ = {
			isa = PBXResourcesBuildPhase;
			buildActionMask = 2147483647;
			files = (
			);
			runOnlyForDeploymentPostprocessing = 0;
		};
/* End PBXResourcesBuildPhase section */

/* Begin PBXSourcesBuildPhase section */
		6A6DE3C52E3A524E00474379 /* Sources */ = {
			isa = PBXSourcesBuildPhase;
			buildActionMask = 2147483647;
			files = (
			);
			runOnlyForDeploymentPostprocessing = 0;
		};
		6A6DE3D42E3A524F00474379 /* Sources */ = {
			isa = PBXSourcesBuildPhase;
			buildActionMask = 2147483647;
			files = (
			);
			runOnlyForDeploymentPostprocessing = 0;
		};
		6A6DE3DE2E3A524F00474379 /* Sources */ = {
			isa = PBXSourcesBuildPhase;
			buildActionMask = 2147483647;
			files = (
			);
			runOnlyForDeploymentPostprocessing = 0;
		};
/* End PBXSourcesBuildPhase section */

/* Begin PBXTargetDependency section */
		6A6DE3DA2E3A524F00474379 /* PBXTargetDependency */ = {
			isa = PBXTargetDependency;
			target = 6A6DE3C82E3A524E00474379 /* Nice Places */;
			targetProxy = 6A6DE3D92E3A524F00474379 /* PBXContainerItemProxy */;
		};
		6A6DE3E42E3A524F00474379 /* PBXTargetDependency */ = {
			isa = PBXTargetDependency;
			target = 6A6DE3C82E3A524E00474379 /* Nice Places */;
			targetProxy = 6A6DE3E32E3A524F00474379 /* PBXContainerItemProxy */;
		};
/* End PBXTargetDependency section */

/* Begin XCBuildConfiguration section */
		6A6DE3EA2E3A524F00474379 /* Debug */ = {
			isa = XCBuildConfiguration;
			buildSettings = {
				ALWAYS_SEARCH_USER_PATHS = NO;
				ASSETCATALOG_COMPILER_GENERATE_SWIFT_ASSET_SYMBOL_EXTENSIONS = YES;
				CLANG_ANALYZER_NONNULL = YES;
				CLANG_ANALYZER_NUMBER_OBJECT_CONVERSION = YES_AGGRESSIVE;
				CLANG_CXX_LANGUAGE_STANDARD = "gnu++20";
				CLANG_ENABLE_MODULES = YES;
				CLANG_ENABLE_OBJC_ARC = YES;
				CLANG_ENABLE_OBJC_WEAK = YES;
				CLANG_WARN_BLOCK_CAPTURE_AUTORELEASING = YES;
				CLANG_WARN_BOOL_CONVERSION = YES;
				CLANG_WARN_COMMA = YES;
				CLANG_WARN_CONSTANT_CONVERSION = YES;
				CLANG_WARN_DEPRECATED_OBJC_IMPLEMENTATIONS = YES;
				CLANG_WARN_DIRECT_OBJC_ISA_USAGE = YES_ERROR;
				CLANG_WARN_DOCUMENTATION_COMMENTS = YES;
				CLANG_WARN_EMPTY_BODY = YES;
				CLANG_WARN_ENUM_CONVERSION = YES;
				CLANG_WARN_INFINITE_RECURSION = YES;
				CLANG_WARN_INT_CONVERSION = YES;
				CLANG_WARN_NON_LITERAL_NULL_CONVERSION = YES;
				CLANG_WARN_OBJC_IMPLICIT_RETAIN_SELF = YES;
				CLANG_WARN_OBJC_LITERAL_CONVERSION = YES;
				CLANG_WARN_OBJC_ROOT_CLASS = YES_ERROR;
				CLANG_WARN_QUOTED_INCLUDE_IN_FRAMEWORK_HEADER = YES;
				CLANG_WARN_RANGE_LOOP_ANALYSIS = YES;
				CLANG_WARN_STRICT_PROTOTYPES = YES;
				CLANG_WARN_SUSPICIOUS_MOVE = YES;
				CLANG_WARN_UNGUARDED_AVAILABILITY = YES_AGGRESSIVE;
				CLANG_WARN_UNREACHABLE_CODE = YES;
				CLANG_WARN__DUPLICATE_METHOD_MATCH = YES;
				COPY_PHASE_STRIP = NO;
				DEBUG_INFORMATION_FORMAT = dwarf;
				DEVELOPMENT_TEAM = 5YA5U25PAV;
				ENABLE_STRICT_OBJC_MSGSEND = YES;
				ENABLE_TESTABILITY = YES;
				ENABLE_USER_SCRIPT_SANDBOXING = YES;
				GCC_C_LANGUAGE_STANDARD = gnu17;
				GCC_DYNAMIC_NO_PIC = NO;
				GCC_NO_COMMON_BLOCKS = YES;
				GCC_OPTIMIZATION_LEVEL = 0;
				GCC_PREPROCESSOR_DEFINITIONS = (
					"DEBUG=1",
					"$(inherited)",
				);
				GCC_WARN_64_TO_32_BIT_CONVERSION = YES;
				GCC_WARN_ABOUT_RETURN_TYPE = YES_ERROR;
				GCC_WARN_UNDECLARED_SELECTOR = YES;
				GCC_WARN_UNINITIALIZED_AUTOS = YES_AGGRESSIVE;
				GCC_WARN_UNUSED_FUNCTION = YES;
				GCC_WARN_UNUSED_VARIABLE = YES;
				INFOPLIST_KEY_NSContactsUsageDescription = "Select Contact Info ";
				IPHONEOS_DEPLOYMENT_TARGET = 18.5;
				LOCALIZATION_PREFERS_STRING_CATALOGS = YES;
				MTL_ENABLE_DEBUG_INFO = INCLUDE_SOURCE;
				MTL_FAST_MATH = YES;
				ONLY_ACTIVE_ARCH = YES;
				SDKROOT = iphoneos;
				SWIFT_ACTIVE_COMPILATION_CONDITIONS = "DEBUG $(inherited)";
				SWIFT_OPTIMIZATION_LEVEL = "-Onone";
			};
			name = Debug;
		};
		6A6DE3EB2E3A524F00474379 /* Release */ = {
			isa = XCBuildConfiguration;
			buildSettings = {
				ALWAYS_SEARCH_USER_PATHS = NO;
				ASSETCATALOG_COMPILER_GENERATE_SWIFT_ASSET_SYMBOL_EXTENSIONS = YES;
				CLANG_ANALYZER_NONNULL = YES;
				CLANG_ANALYZER_NUMBER_OBJECT_CONVERSION = YES_AGGRESSIVE;
				CLANG_CXX_LANGUAGE_STANDARD = "gnu++20";
				CLANG_ENABLE_MODULES = YES;
				CLANG_ENABLE_OBJC_ARC = YES;
				CLANG_ENABLE_OBJC_WEAK = YES;
				CLANG_WARN_BLOCK_CAPTURE_AUTORELEASING = YES;
				CLANG_WARN_BOOL_CONVERSION = YES;
				CLANG_WARN_COMMA = YES;
				CLANG_WARN_CONSTANT_CONVERSION = YES;
				CLANG_WARN_DEPRECATED_OBJC_IMPLEMENTATIONS = YES;
				CLANG_WARN_DIRECT_OBJC_ISA_USAGE = YES_ERROR;
				CLANG_WARN_DOCUMENTATION_COMMENTS = YES;
				CLANG_WARN_EMPTY_BODY = YES;
				CLANG_WARN_ENUM_CONVERSION = YES;
				CLANG_WARN_INFINITE_RECURSION = YES;
				CLANG_WARN_INT_CONVERSION = YES;
				CLANG_WARN_NON_LITERAL_NULL_CONVERSION = YES;
				CLANG_WARN_OBJC_IMPLICIT_RETAIN_SELF = YES;
				CLANG_WARN_OBJC_LITERAL_CONVERSION = YES;
				CLANG_WARN_OBJC_ROOT_CLASS = YES_ERROR;
				CLANG_WARN_QUOTED_INCLUDE_IN_FRAMEWORK_HEADER = YES;
				CLANG_WARN_RANGE_LOOP_ANALYSIS = YES;
				CLANG_WARN_STRICT_PROTOTYPES = YES;
				CLANG_WARN_SUSPICIOUS_MOVE = YES;
				CLANG_WARN_UNGUARDED_AVAILABILITY = YES_AGGRESSIVE;
				CLANG_WARN_UNREACHABLE_CODE = YES;
				CLANG_WARN__DUPLICATE_METHOD_MATCH = YES;
				COPY_PHASE_STRIP = NO;
				DEBUG_INFORMATION_FORMAT = "dwarf-with-dsym";
				DEVELOPMENT_TEAM = 5YA5U25PAV;
				ENABLE_NS_ASSERTIONS = NO;
				ENABLE_STRICT_OBJC_MSGSEND = YES;
				ENABLE_USER_SCRIPT_SANDBOXING = YES;
				GCC_C_LANGUAGE_STANDARD = gnu17;
				GCC_NO_COMMON_BLOCKS = YES;
				GCC_WARN_64_TO_32_BIT_CONVERSION = YES;
				GCC_WARN_ABOUT_RETURN_TYPE = YES_ERROR;
				GCC_WARN_UNDECLARED_SELECTOR = YES;
				GCC_WARN_UNINITIALIZED_AUTOS = YES_AGGRESSIVE;
				GCC_WARN_UNUSED_FUNCTION = YES;
				GCC_WARN_UNUSED_VARIABLE = YES;
				INFOPLIST_KEY_NSContactsUsageDescription = "Select Contact Info ";
				IPHONEOS_DEPLOYMENT_TARGET = 18.5;
				LOCALIZATION_PREFERS_STRING_CATALOGS = YES;
				MTL_ENABLE_DEBUG_INFO = NO;
				MTL_FAST_MATH = YES;
				SDKROOT = iphoneos;
				SWIFT_COMPILATION_MODE = wholemodule;
				VALIDATE_PRODUCT = YES;
			};
			name = Release;
		};
		6A6DE3ED2E3A524F00474379 /* Debug */ = {
			isa = XCBuildConfiguration;
			buildSettings = {
				ASSETCATALOG_COMPILER_APPICON_NAME = AppIcon;
				ASSETCATALOG_COMPILER_GLOBAL_ACCENT_COLOR_NAME = AccentColor;
				CODE_SIGN_STYLE = Automatic;
				CURRENT_PROJECT_VERSION = 1;
				DEVELOPMENT_TEAM = 5YA5U25PAV;
				ENABLE_PREVIEWS = YES;
				GENERATE_INFOPLIST_FILE = YES;
				INFOPLIST_FILE = "Nice-Places-Info.plist";
				INFOPLIST_KEY_CFBundleDisplayName = "";
				INFOPLIST_KEY_LSApplicationCategoryType = "public.app-category.navigation";
				INFOPLIST_KEY_NSCameraUsageDescription = "LocationTracker needs camera access to capture photos and videos of your special places.";
				INFOPLIST_KEY_NSContactsUsageDescription = 6.0;
				INFOPLIST_KEY_NSHumanReadableCopyright = "";
				INFOPLIST_KEY_NSLocationAlwaysAndWhenInUseUsageDescription = "LocationTracker uses your location to provide accurate address information and altitude data";
				INFOPLIST_KEY_NSLocationWhenInUseUsageDescription = "LocationTracker needs access to your location to show your current address and save location data.";
				INFOPLIST_KEY_NSMainStoryboardFile = "";
				INFOPLIST_KEY_NSMicrophoneUsageDescription = "This feature saves movies to your media gallery";
				INFOPLIST_KEY_NSPhotoLibraryAddUsageDescription = "LocationTracker saves your location photos to a custom Places album in your photo library.";
				INFOPLIST_KEY_NSPhotoLibraryUsageDescription = "LocationTracker organizes your location photos in a dedicated Places folder";
				INFOPLIST_KEY_UIApplicationSceneManifest_Generation = YES;
				INFOPLIST_KEY_UIApplicationSupportsIndirectInputEvents = YES;
				INFOPLIST_KEY_UILaunchScreen_Generation = YES;
				INFOPLIST_KEY_UIStatusBarHidden = NO;
				INFOPLIST_KEY_UIStatusBarStyle = UIStatusBarStyleDefault;
				INFOPLIST_KEY_UISupportedInterfaceOrientations = UIInterfaceOrientationPortrait;
				INFOPLIST_KEY_UISupportedInterfaceOrientations_iPad = "UIInterfaceOrientationPortrait UIInterfaceOrientationPortraitUpsideDown UIInterfaceOrientationLandscapeLeft UIInterfaceOrientationLandscapeRight";
				INFOPLIST_KEY_UISupportedInterfaceOrientations_iPhone = "UIInterfaceOrientationPortrait UIInterfaceOrientationLandscapeLeft UIInterfaceOrientationLandscapeRight";
				IPHONEOS_DEPLOYMENT_TARGET = 17.0;
				LD_RUNPATH_SEARCH_PATHS = (
					"$(inherited)",
					"@executable_path/Frameworks",
				);
				MARKETING_VERSION = 1.0;
				PRODUCT_BUNDLE_IDENTIFIER = "ldur.Nice-Places";
				PRODUCT_NAME = "$(TARGET_NAME)";
				SWIFT_EMIT_LOC_STRINGS = YES;
				SWIFT_VERSION = 5.0;
				TARGETED_DEVICE_FAMILY = 1;
			};
			name = Debug;
		};
		6A6DE3EE2E3A524F00474379 /* Release */ = {
			isa = XCBuildConfiguration;
			buildSettings = {
				ASSETCATALOG_COMPILER_APPICON_NAME = AppIcon;
				ASSETCATALOG_COMPILER_GLOBAL_ACCENT_COLOR_NAME = AccentColor;
				CODE_SIGN_STYLE = Automatic;
				CURRENT_PROJECT_VERSION = 1;
				DEVELOPMENT_TEAM = 5YA5U25PAV;
				ENABLE_PREVIEWS = YES;
				GENERATE_INFOPLIST_FILE = YES;
				INFOPLIST_FILE = "Nice-Places-Info.plist";
				INFOPLIST_KEY_CFBundleDisplayName = "";
				INFOPLIST_KEY_LSApplicationCategoryType = "public.app-category.navigation";
				INFOPLIST_KEY_NSCameraUsageDescription = "LocationTracker needs camera access to capture photos and videos of your special places.";
				INFOPLIST_KEY_NSContactsUsageDescription = 6.0;
				INFOPLIST_KEY_NSHumanReadableCopyright = "";
				INFOPLIST_KEY_NSLocationAlwaysAndWhenInUseUsageDescription = "LocationTracker uses your location to provide accurate address information and altitude data";
				INFOPLIST_KEY_NSLocationWhenInUseUsageDescription = "LocationTracker needs access to your location to show your current address and save location data.";
				INFOPLIST_KEY_NSMainStoryboardFile = "";
				INFOPLIST_KEY_NSMicrophoneUsageDescription = "This feature saves movies to your media gallery";
				INFOPLIST_KEY_NSPhotoLibraryAddUsageDescription = "LocationTracker saves your location photos to a custom Places album in your photo library.";
				INFOPLIST_KEY_NSPhotoLibraryUsageDescription = "LocationTracker organizes your location photos in a dedicated Places folder";
				INFOPLIST_KEY_UIApplicationSceneManifest_Generation = YES;
				INFOPLIST_KEY_UIApplicationSupportsIndirectInputEvents = YES;
				INFOPLIST_KEY_UILaunchScreen_Generation = YES;
				INFOPLIST_KEY_UIStatusBarHidden = NO;
				INFOPLIST_KEY_UIStatusBarStyle = UIStatusBarStyleDefault;
				INFOPLIST_KEY_UISupportedInterfaceOrientations = UIInterfaceOrientationPortrait;
				INFOPLIST_KEY_UISupportedInterfaceOrientations_iPad = "UIInterfaceOrientationPortrait UIInterfaceOrientationPortraitUpsideDown UIInterfaceOrientationLandscapeLeft UIInterfaceOrientationLandscapeRight";
				INFOPLIST_KEY_UISupportedInterfaceOrientations_iPhone = "UIInterfaceOrientationPortrait UIInterfaceOrientationLandscapeLeft UIInterfaceOrientationLandscapeRight";
				IPHONEOS_DEPLOYMENT_TARGET = 17.0;
				LD_RUNPATH_SEARCH_PATHS = (
					"$(inherited)",
					"@executable_path/Frameworks",
				);
				MARKETING_VERSION = 1.0;
				PRODUCT_BUNDLE_IDENTIFIER = "ldur.Nice-Places";
				PRODUCT_NAME = "$(TARGET_NAME)";
				SWIFT_EMIT_LOC_STRINGS = YES;
				SWIFT_VERSION = 5.0;
				TARGETED_DEVICE_FAMILY = 1;
			};
			name = Release;
		};
		6A6DE3F02E3A524F00474379 /* Debug */ = {
			isa = XCBuildConfiguration;
			buildSettings = {
				BUNDLE_LOADER = "$(TEST_HOST)";
				CODE_SIGN_STYLE = Automatic;
				CURRENT_PROJECT_VERSION = 1;
				DEVELOPMENT_TEAM = 5YA5U25PAV;
				GENERATE_INFOPLIST_FILE = YES;
				IPHONEOS_DEPLOYMENT_TARGET = 18.5;
				MARKETING_VERSION = 1.0;
				PRODUCT_BUNDLE_IDENTIFIER = "ldur.Nice-PlacesTests";
				PRODUCT_NAME = "$(TARGET_NAME)";
				SWIFT_EMIT_LOC_STRINGS = NO;
				SWIFT_VERSION = 5.0;
				TARGETED_DEVICE_FAMILY = "1,2";
				TEST_HOST = "$(BUILT_PRODUCTS_DIR)/Nice Places.app/$(BUNDLE_EXECUTABLE_FOLDER_PATH)/Nice Places";
			};
			name = Debug;
		};
		6A6DE3F12E3A524F00474379 /* Release */ = {
			isa = XCBuildConfiguration;
			buildSettings = {
				BUNDLE_LOADER = "$(TEST_HOST)";
				CODE_SIGN_STYLE = Automatic;
				CURRENT_PROJECT_VERSION = 1;
				DEVELOPMENT_TEAM = 5YA5U25PAV;
				GENERATE_INFOPLIST_FILE = YES;
				IPHONEOS_DEPLOYMENT_TARGET = 18.5;
				MARKETING_VERSION = 1.0;
				PRODUCT_BUNDLE_IDENTIFIER = "ldur.Nice-PlacesTests";
				PRODUCT_NAME = "$(TARGET_NAME)";
				SWIFT_EMIT_LOC_STRINGS = NO;
				SWIFT_VERSION = 5.0;
				TARGETED_DEVICE_FAMILY = "1,2";
				TEST_HOST = "$(BUILT_PRODUCTS_DIR)/Nice Places.app/$(BUNDLE_EXECUTABLE_FOLDER_PATH)/Nice Places";
			};
			name = Release;
		};
		6A6DE3F32E3A524F00474379 /* Debug */ = {
			isa = XCBuildConfiguration;
			buildSettings = {
				CODE_SIGN_STYLE = Automatic;
				CURRENT_PROJECT_VERSION = 1;
				DEVELOPMENT_TEAM = 5YA5U25PAV;
				GENERATE_INFOPLIST_FILE = YES;
				MARKETING_VERSION = 1.0;
				PRODUCT_BUNDLE_IDENTIFIER = "ldur.Nice-PlacesUITests";
				PRODUCT_NAME = "$(TARGET_NAME)";
				SWIFT_EMIT_LOC_STRINGS = NO;
				SWIFT_VERSION = 5.0;
				TARGETED_DEVICE_FAMILY = "1,2";
				TEST_TARGET_NAME = "Nice Places";
			};
			name = Debug;
		};
		6A6DE3F42E3A524F00474379 /* Release */ = {
			isa = XCBuildConfiguration;
			buildSettings = {
				CODE_SIGN_STYLE = Automatic;
				CURRENT_PROJECT_VERSION = 1;
				DEVELOPMENT_TEAM = 5YA5U25PAV;
				GENERATE_INFOPLIST_FILE = YES;
				MARKETING_VERSION = 1.0;
				PRODUCT_BUNDLE_IDENTIFIER = "ldur.Nice-PlacesUITests";
				PRODUCT_NAME = "$(TARGET_NAME)";
				SWIFT_EMIT_LOC_STRINGS = NO;
				SWIFT_VERSION = 5.0;
				TARGETED_DEVICE_FAMILY = "1,2";
				TEST_TARGET_NAME = "Nice Places";
			};
			name = Release;
		};
/* End XCBuildConfiguration section */

/* Begin XCConfigurationList section */
		6A6DE3C42E3A524E00474379 /* Build configuration list for PBXProject "Nice Places" */ = {
			isa = XCConfigurationList;
			buildConfigurations = (
				6A6DE3EA2E3A524F00474379 /* Debug */,
				6A6DE3EB2E3A524F00474379 /* Release */,
			);
			defaultConfigurationIsVisible = 0;
			defaultConfigurationName = Release;
		};
		6A6DE3EC2E3A524F00474379 /* Build configuration list for PBXNativeTarget "Nice Places" */ = {
			isa = XCConfigurationList;
			buildConfigurations = (
				6A6DE3ED2E3A524F00474379 /* Debug */,
				6A6DE3EE2E3A524F00474379 /* Release */,
			);
			defaultConfigurationIsVisible = 0;
			defaultConfigurationName = Release;
		};
		6A6DE3EF2E3A524F00474379 /* Build configuration list for PBXNativeTarget "Nice PlacesTests" */ = {
			isa = XCConfigurationList;
			buildConfigurations = (
				6A6DE3F02E3A524F00474379 /* Debug */,
				6A6DE3F12E3A524F00474379 /* Release */,
			);
			defaultConfigurationIsVisible = 0;
			defaultConfigurationName = Release;
		};
		6A6DE3F22E3A524F00474379 /* Build configuration list for PBXNativeTarget "Nice PlacesUITests" */ = {
			isa = XCConfigurationList;
			buildConfigurations = (
				6A6DE3F32E3A524F00474379 /* Debug */,
				6A6DE3F42E3A524F00474379 /* Release */,
			);
			defaultConfigurationIsVisible = 0;
			defaultConfigurationName = Release;
		};
/* End XCConfigurationList section */
	};
	rootObject = 6A6DE3C12E3A524E00474379 /* Project object */;
}
